// !$*UTF8*$!
{
	archiveVersion = 1;
	classes = {
	};
	objectVersion = 46;
	objects = {

/* Begin PBXBuildFile section */
		F695FC041C412615003CEA0E /* AppDelegate.swift in Sources */ = {isa = PBXBuildFile; fileRef = F695FC031C412615003CEA0E /* AppDelegate.swift */; };
		F695FC061C412615003CEA0E /* Assets.xcassets in Resources */ = {isa = PBXBuildFile; fileRef = F695FC051C412615003CEA0E /* Assets.xcassets */; };
		F695FC091C412615003CEA0E /* MainMenu.xib in Resources */ = {isa = PBXBuildFile; fileRef = F695FC071C412615003CEA0E /* MainMenu.xib */; };
/* End PBXBuildFile section */

/* Begin PBXFileReference section */
		F695FC001C412615003CEA0E /* LocalizedStringGenerator.app */ = {isa = PBXFileReference; explicitFileType = wrapper.application; includeInIndex = 0; path = LocalizedStringGenerator.app; sourceTree = BUILT_PRODUCTS_DIR; };
		F695FC031C412615003CEA0E /* AppDelegate.swift */ = {isa = PBXFileReference; lastKnownFileType = sourcecode.swift; path = AppDelegate.swift; sourceTree = "<group>"; };
		F695FC051C412615003CEA0E /* Assets.xcassets */ = {isa = PBXFileReference; lastKnownFileType = folder.assetcatalog; path = Assets.xcassets; sourceTree = "<group>"; };
		F695FC081C412615003CEA0E /* Base */ = {isa = PBXFileReference; lastKnownFileType = file.xib; name = Base; path = Base.lproj/MainMenu.xib; sourceTree = "<group>"; };
		F695FC0A1C412615003CEA0E /* Info.plist */ = {isa = PBXFileReference; lastKnownFileType = text.plist.xml; path = Info.plist; sourceTree = "<group>"; };
/* End PBXFileReference section */

/* Begin PBXFrameworksBuildPhase section */
		F695FBFD1C412615003CEA0E /* Frameworks */ = {
			isa = PBXFrameworksBuildPhase;
			buildActionMask = 2147483647;
			files = (
			);
			runOnlyForDeploymentPostprocessing = 0;
		};
/* End PBXFrameworksBuildPhase section */

/* Begin PBXGroup section */
		F695FBF71C412615003CEA0E = {
			isa = PBXGroup;
			children = (
				F695FC021C412615003CEA0E /* LocalizedStringGenerator */,
				F695FC011C412615003CEA0E /* Products */,
			);
			sourceTree = "<group>";
		};
		F695FC011C412615003CEA0E /* Products */ = {
			isa = PBXGroup;
			children = (
				F695FC001C412615003CEA0E /* LocalizedStringGenerator.app */,
			);
			name = Products;
			sourceTree = "<group>";
		};
		F695FC021C412615003CEA0E /* LocalizedStringGenerator */ = {
			isa = PBXGroup;
			children = (
				F695FC031C412615003CEA0E /* AppDelegate.swift */,
				F695FC051C412615003CEA0E /* Assets.xcassets */,
				F695FC071C412615003CEA0E /* MainMenu.xib */,
				F695FC0A1C412615003CEA0E /* Info.plist */,
			);
			path = LocalizedStringGenerator;
			sourceTree = "<group>";
		};
/* End PBXGroup section */

/* Begin PBXNativeTarget section */
		F695FBFF1C412615003CEA0E /* LocalizedStringGenerator */ = {
			isa = PBXNativeTarget;
			buildConfigurationList = F695FC0D1C412615003CEA0E /* Build configuration list for PBXNativeTarget "LocalizedStringGenerator" */;
			buildPhases = (
				F695FBFC1C412615003CEA0E /* Sources */,
				F695FBFD1C412615003CEA0E /* Frameworks */,
				F695FBFE1C412615003CEA0E /* Resources */,
			);
			buildRules = (
			);
			dependencies = (
			);
			name = LocalizedStringGenerator;
			productName = LocalizedStringGenerator;
			productReference = F695FC001C412615003CEA0E /* LocalizedStringGenerator.app */;
			productType = "com.apple.product-type.application";
		};
/* End PBXNativeTarget section */

/* Begin PBXProject section */
		F695FBF81C412615003CEA0E /* Project object */ = {
			isa = PBXProject;
			attributes = {
				LastSwiftUpdateCheck = 0720;
				LastUpgradeCheck = 0720;
				ORGANIZATIONNAME = "Stan Wu";
				TargetAttributes = {
					F695FBFF1C412615003CEA0E = {
						CreatedOnToolsVersion = 7.2;
					};
				};
			};
			buildConfigurationList = F695FBFB1C412615003CEA0E /* Build configuration list for PBXProject "LocalizedStringGenerator" */;
			compatibilityVersion = "Xcode 3.2";
			developmentRegion = English;
			hasScannedForEncodings = 0;
			knownRegions = (
				en,
				Base,
			);
			mainGroup = F695FBF71C412615003CEA0E;
			productRefGroup = F695FC011C412615003CEA0E /* Products */;
			projectDirPath = "";
			projectRoot = "";
			targets = (
				F695FBFF1C412615003CEA0E /* LocalizedStringGenerator */,
			);
		};
/* End PBXProject section */

/* Begin PBXResourcesBuildPhase section */
		F695FBFE1C412615003CEA0E /* Resources */ = {
			isa = PBXResourcesBuildPhase;
			buildActionMask = 2147483647;
			files = (
				F695FC061C412615003CEA0E /* Assets.xcassets in Resources */,
				F695FC091C412615003CEA0E /* MainMenu.xib in Resources */,
			);
			runOnlyForDeploymentPostprocessing = 0;
		};
/* End PBXResourcesBuildPhase section */

/* Begin PBXSourcesBuildPhase section */
		F695FBFC1C412615003CEA0E /* Sources */ = {
			isa = PBXSourcesBuildPhase;
			buildActionMask = 2147483647;
			files = (
				F695FC041C412615003CEA0E /* AppDelegate.swift in Sources */,
			);
			runOnlyForDeploymentPostprocessing = 0;
		};
/* End PBXSourcesBuildPhase section */

/* Begin PBXVariantGroup section */
		F695FC071C412615003CEA0E /* MainMenu.xib */ = {
			isa = PBXVariantGroup;
			children = (
				F695FC081C412615003CEA0E /* Base */,
			);
			name = MainMenu.xib;
			sourceTree = "<group>";
		};
/* End PBXVariantGroup section */

/* Begin XCBuildConfiguration section */
		F695FC0B1C412615003CEA0E /* Debug */ = {
			isa = XCBuildConfiguration;
			buildSettings = {
				ALWAYS_SEARCH_USER_PATHS = NO;
				CLANG_CXX_LANGUAGE_STANDARD = "gnu++0x";
				CLANG_CXX_LIBRARY = "libc++";
				CLANG_ENABLE_MODULES = YES;
				CLANG_ENABLE_OBJC_ARC = YES;
				CLANG_WARN_BOOL_CONVERSION = YES;
				CLANG_WARN_CONSTANT_CONVERSION = YES;
				CLANG_WARN_DIRECT_OBJC_ISA_USAGE = YES_ERROR;
				CLANG_WARN_EMPTY_BODY = YES;
				CLANG_WARN_ENUM_CONVERSION = YES;
				CLANG_WARN_INT_CONVERSION = YES;
				CLANG_WARN_OBJC_ROOT_CLASS = YES_ERROR;
				CLANG_WARN_UNREACHABLE_CODE = YES;
				CLANG_WARN__DUPLICATE_METHOD_MATCH = YES;
				CODE_SIGN_IDENTITY = "-";
				COPY_PHASE_STRIP = NO;
				DEBUG_INFORMATION_FORMAT = dwarf;
				ENABLE_STRICT_OBJC_MSGSEND = YES;
				ENABLE_TESTABILITY = YES;
				GCC_C_LANGUAGE_STANDARD = gnu99;
				GCC_DYNAMIC_NO_PIC = NO;
				GCC_NO_COMMON_BLOCKS = YES;
				GCC_OPTIMIZATION_LEVEL = 0;
				GCC_PREPROCESSOR_DEFINITIONS = (
					"DEBUG=1",
					"$(inherited)",
				);
				GCC_WARN_64_TO_32_BIT_CONVERSION = YES;
				GCC_WARN_ABOUT_RETURN_TYPE = YES_ERROR;
				GCC_WARN_UNDECLARED_SELECTOR = YES;
				GCC_WARN_UNINITIALIZED_AUTOS = YES_AGGRESSIVE;
				GCC_WARN_UNUSED_FUNCTION = YES;
				GCC_WARN_UNUSED_VARIABLE = YES;
				MACOSX_DEPLOYMENT_TARGET = 10.11;
				MTL_ENABLE_DEBUG_INFO = YES;
				ONLY_ACTIVE_ARCH = YES;
				SDKROOT = macosx;
				SWIFT_OPTIMIZATION_LEVEL = "-Onone";
			};
			name = Debug;
		};
		F695FC0C1C412615003CEA0E /* Release */ = {
			isa = XCBuildConfiguration;
			buildSettings = {
				ALWAYS_SEARCH_USER_PATHS = NO;
				CLANG_CXX_LANGUAGE_STANDARD = "gnu++0x";
				CLANG_CXX_LIBRARY = "libc++";
				CLANG_ENABLE_MODULES = YES;
				CLANG_ENABLE_OBJC_ARC = YES;
				CLANG_WARN_BOOL_CONVERSION = YES;
				CLANG_WARN_CONSTANT_CONVERSION = YES;
				CLANG_WARN_DIRECT_OBJC_ISA_USAGE = YES_ERROR;
				CLANG_WARN_EMPTY_BODY = YES;
				CLANG_WARN_ENUM_CONVERSION = YES;
				CLANG_WARN_INT_CONVERSION = YES;
				CLANG_WARN_OBJC_ROOT_CLASS = YES_ERROR;
				CLANG_WARN_UNREACHABLE_CODE = YES;
				CLANG_WARN__DUPLICATE_METHOD_MATCH = YES;
				CODE_SIGN_IDENTITY = "-";
				COPY_PHASE_STRIP = NO;
				DEBUG_INFORMATION_FORMAT = "dwarf-with-dsym";
				ENABLE_NS_ASSERTIONS = NO;
				ENABLE_STRICT_OBJC_MSGSEND = YES;
				GCC_C_LANGUAGE_STANDARD = gnu99;
				GCC_NO_COMMON_BLOCKS = YES;
				GCC_WARN_64_TO_32_BIT_CONVERSION = YES;
				GCC_WARN_ABOUT_RETURN_TYPE = YES_ERROR;
				GCC_WARN_UNDECLARED_SELECTOR = YES;
				GCC_WARN_UNINITIALIZED_AUTOS = YES_AGGRESSIVE;
				GCC_WARN_UNUSED_FUNCTION = YES;
				GCC_WARN_UNUSED_VARIABLE = YES;
				MACOSX_DEPLOYMENT_TARGET = 10.11;
				MTL_ENABLE_DEBUG_INFO = NO;
				SDKROOT = macosx;
			};
			name = Release;
		};
		F695FC0E1C412615003CEA0E /* Debug */ = {
			isa = XCBuildConfiguration;
			buildSettings = {
				ASSETCATALOG_COMPILER_APPICON_NAME = AppIcon;
				COMBINE_HIDPI_IMAGES = YES;
				INFOPLIST_FILE = LocalizedStringGenerator/Info.plist;
				LD_RUNPATH_SEARCH_PATHS = "$(inherited) @executable_path/../Frameworks";
				PRODUCT_BUNDLE_IDENTIFIER = com.5stan.LocalizedStringGenerator;
				PRODUCT_NAME = "$(TARGET_NAME)";
			};
			name = Debug;
		};
		F695FC0F1C412615003CEA0E /* Release */ = {
			isa = XCBuildConfiguration;
			buildSettings = {
				ASSETCATALOG_COMPILER_APPICON_NAME = AppIcon;
				COMBINE_HIDPI_IMAGES = YES;
				INFOPLIST_FILE = LocalizedStringGenerator/Info.plist;
				LD_RUNPATH_SEARCH_PATHS = "$(inherited) @executable_path/../Frameworks";
				PRODUCT_BUNDLE_IDENTIFIER = com.5stan.LocalizedStringGenerator;
				PRODUCT_NAME = "$(TARGET_NAME)";
			};
			name = Release;
		};
/* End XCBuildConfiguration section */

/* Begin XCConfigurationList section */
		F695FBFB1C412615003CEA0E /* Build configuration list for PBXProject "LocalizedStringGenerator" */ = {
			isa = XCConfigurationList;
			buildConfigurations = (
				F695FC0B1C412615003CEA0E /* Debug */,
				F695FC0C1C412615003CEA0E /* Release */,
			);
			defaultConfigurationIsVisible = 0;
			defaultConfigurationName = Release;
		};
		F695FC0D1C412615003CEA0E /* Build configuration list for PBXNativeTarget "LocalizedStringGenerator" */ = {
			isa = XCConfigurationList;
			buildConfigurations = (
				F695FC0E1C412615003CEA0E /* Debug */,
				F695FC0F1C412615003CEA0E /* Release */,
			);
			defaultConfigurationIsVisible = 0;
		};
/* End XCConfigurationList section */
	};
	rootObject = F695FBF81C412615003CEA0E /* Project object */;
}
